
Microsoft Visual Studio Solution File, Format Version 12.00
# Visual Studio Version 17
VisualStudioVersion = 17.8.34511.84
MinimumVisualStudioVersion = 10.0.40219.1
Project("{9A19103F-16F7-4668-BE54-9A1E7A4F7556}") = "ETL.Provider.Util", "ETL.Provider.Util\ETL.Provider.Util.csproj", "{B4179AF1-0139-4902-B596-53496BF6626F}"
EndProject
Project("{9A19103F-16F7-4668-BE54-9A1E7A4F7556}") = "ETL.Provider", "ETL.Provider\ETL.Provider.csproj", "{5F4376D8-6B14-4D3F-9E28-BB91EF1E3C83}"
EndProject
Global
	GlobalSection(SolutionConfigurationPlatforms) = preSolution
		Debug|Any CPU = Debug|Any CPU
		Release|Any CPU = Release|Any CPU
	EndGlobalSection
	GlobalSection(ProjectConfigurationPlatforms) = postSolution
		{B4179AF1-0139-4902-B596-53496BF6626F}.Debug|Any CPU.ActiveCfg = Debug|Any CPU
		{B4179AF1-0139-4902-B596-53496BF6626F}.Debug|Any CPU.Build.0 = Debug|Any CPU
		{B4179AF1-0139-4902-B596-53496BF6626F}.Release|Any CPU.ActiveCfg = Release|Any CPU
		{B4179AF1-0139-4902-B596-53496BF6626F}.Release|Any CPU.Build.0 = Release|Any CPU
		{5F4376D8-6B14-4D3F-9E28-BB91EF1E3C83}.Debug|Any CPU.ActiveCfg = Debug|Any CPU
		{5F4376D8-6B14-4D3F-9E28-BB91EF1E3C83}.Debug|Any CPU.Build.0 = Debug|Any CPU
		{5F4376D8-6B14-4D3F-9E28-BB91EF1E3C83}.Release|Any CPU.ActiveCfg = Release|Any CPU
		{5F4376D8-6B14-4D3F-9E28-BB91EF1E3C83}.Release|Any CPU.Build.0 = Release|Any CPU
	EndGlobalSection
	GlobalSection(SolutionProperties) = preSolution
		HideSolutionNode = FALSE
	EndGlobalSection
	GlobalSection(ExtensibilityGlobals) = postSolution
		SolutionGuid = {1AD7C7EC-EFC6-416E-B70D-57FE61D08013}
	EndGlobalSection
EndGlobal
